# This file is automatically @generated by Poetry 1.8.3 and should not be changed by hand.

[[package]]
name = "colorama"
version = "0.4.6"
description = "Cross-platform colored terminal text."
optional = false
python-versions = "!=3.0.*,!=3.1.*,!=3.2.*,!=3.3.*,!=3.4.*,!=3.5.*,!=3.6.*,>=2.7"
files = [
    {file = "colorama-0.4.6-py2.py3-none-any.whl", hash = "sha256:4f1d9991f5acc0ca119f9d443620b77f9d6b33703e51011c16baf57afb285fc6"},
    {file = "colorama-0.4.6.tar.gz", hash = "sha256:08695f5cb7ed6e0531a20572697297273c47b8cae5a63ffc6d6ed5c201be6e44"},
]

[[package]]
name = "polars"
version = "1.12.0"
description = "Blazingly fast DataFrame library"
optional = false
python-versions = ">=3.9"
files = [
    {file = "polars-1.12.0-cp39-abi3-macosx_10_12_x86_64.whl", hash = "sha256:8f3c4e4e423c373dda07b4c8a7ff12aa02094b524767d0ca306b1eba67f2d99e"},
    {file = "polars-1.12.0-cp39-abi3-macosx_11_0_arm64.whl", hash = "sha256:aa6f9862f0cec6353243920d9b8d858c21ec8f25f91af203dea6ff91980e140d"},
    {file = "polars-1.12.0-cp39-abi3-manylinux_2_17_x86_64.manylinux2014_x86_64.whl", hash = "sha256:afb03647b5160737d2119532ee8ffe825de1d19d87f81bbbb005131786f7d59b"},
    {file = "polars-1.12.0-cp39-abi3-manylinux_2_24_aarch64.whl", hash = "sha256:ea96aba5eb3dab8f0e6abf05ab3fc2136b329261860ef8661d20f5456a2d78e0"},
    {file = "polars-1.12.0-cp39-abi3-win_amd64.whl", hash = "sha256:a228a4b320a36d03a9ec9dfe7241b6d80a2f119b2dceb1da953166655e4cf43c"},
    {file = "polars-1.12.0.tar.gz", hash = "sha256:fb5c92de1a8f7d0a3f923fe48ea89eb518bdf55315ae917012350fa072bd64f4"},
]

[package.extras]
adbc = ["adbc-driver-manager[dbapi]", "adbc-driver-sqlite[dbapi]"]
all = ["polars[async,cloudpickle,database,deltalake,excel,fsspec,graph,iceberg,numpy,pandas,plot,pyarrow,pydantic,style,timezone]"]
async = ["gevent"]
calamine = ["fastexcel (>=0.9)"]
cloudpickle = ["cloudpickle"]
connectorx = ["connectorx (>=0.3.2)"]
database = ["nest-asyncio", "polars[adbc,connectorx,sqlalchemy]"]
deltalake = ["deltalake (>=0.15.0)"]
excel = ["polars[calamine,openpyxl,xlsx2csv,xlsxwriter]"]
fsspec = ["fsspec"]
gpu = ["cudf-polars-cu12"]
graph = ["matplotlib"]
iceberg = ["pyiceberg (>=0.5.0)"]
numpy = ["numpy (>=1.16.0)"]
openpyxl = ["openpyxl (>=3.0.0)"]
pandas = ["pandas", "polars[pyarrow]"]
plot = ["altair (>=5.4.0)"]
pyarrow = ["pyarrow (>=7.0.0)"]
pydantic = ["pydantic"]
sqlalchemy = ["polars[pandas]", "sqlalchemy"]
style = ["great-tables (>=0.8.0)"]
timezone = ["backports-zoneinfo", "tzdata"]
xlsx2csv = ["xlsx2csv (>=0.8.0)"]
xlsxwriter = ["xlsxwriter"]

[[package]]
name = "python-dotenv"
version = "1.0.1"
description = "Read key-value pairs from a .env file and set them as environment variables"
optional = false
python-versions = ">=3.8"
files = [
    {file = "python-dotenv-1.0.1.tar.gz", hash = "sha256:e324ee90a023d808f1959c46bcbc04446a10ced277783dc6ee09987c37ec10ca"},
    {file = "python_dotenv-1.0.1-py3-none-any.whl", hash = "sha256:f7b63ef50f1b690dddf550d03497b66d609393b40b564ed0d674909a68ebf16a"},
]

[package.extras]
cli = ["click (>=5.0)"]

[[package]]
name = "tqdm"
version = "4.66.6"
description = "Fast, Extensible Progress Meter"
optional = false
python-versions = ">=3.7"
files = [
    {file = "tqdm-4.66.6-py3-none-any.whl", hash = "sha256:223e8b5359c2efc4b30555531f09e9f2f3589bcd7fdd389271191031b49b7a63"},
    {file = "tqdm-4.66.6.tar.gz", hash = "sha256:4bdd694238bef1485ce839d67967ab50af8f9272aab687c0d7702a01da0be090"},
]

[package.dependencies]
colorama = {version = "*", markers = "platform_system == \"Windows\""}

[package.extras]
dev = ["pytest (>=6)", "pytest-cov", "pytest-timeout", "pytest-xdist"]
notebook = ["ipywidgets (>=6)"]
slack = ["slack-sdk"]
telegram = ["requests"]

[metadata]
lock-version = "2.0"
python-versions = "^3.12"
content-hash = "95642d457ede31d9dcd8a8eeef4ca7020d07d00c243b5bad7ea944c9f0c464c7"
